
Microsoft Visual Studio Solution File, Format Version 12.00
# Visual Studio Version 17
VisualStudioVersion = 17.11.35312.102
MinimumVisualStudioVersion = 10.0.40219.1
Project("{FAE04EC0-301F-11D3-BF4B-00C04F79EFBC}") = "Lab25", "Lab25\Lab25.csproj", "{57123AF7-A8CE-4038-8083-7090AF3DD39A}"
EndProject
Global
	GlobalSection(SolutionConfigurationPlatforms) = preSolution
		Debug|Any CPU = Debug|Any CPU
		Release|Any CPU = Release|Any CPU
	EndGlobalSection
	GlobalSection(ProjectConfigurationPlatforms) = postSolution
		{57123AF7-A8CE-4038-8083-7090AF3DD39A}.Debug|Any CPU.ActiveCfg = Debug|Any CPU
		{57123AF7-A8CE-4038-8083-7090AF3DD39A}.Debug|Any CPU.Build.0 = Debug|Any CPU
		{57123AF7-A8CE-4038-8083-7090AF3DD39A}.Release|Any CPU.ActiveCfg = Release|Any CPU
		{57123AF7-A8CE-4038-8083-7090AF3DD39A}.Release|Any CPU.Build.0 = Release|Any CPU
	EndGlobalSection
	GlobalSection(SolutionProperties) = preSolution
		HideSolutionNode = FALSE
	EndGlobalSection
	GlobalSection(ExtensibilityGlobals) = postSolution
		SolutionGuid = {E040F39E-1383-4F61-ACBD-C86261743D54}
	EndGlobalSection
EndGlobal
