
Microsoft Visual Studio Solution File, Format Version 12.00
# Visual Studio Version 17
VisualStudioVersion = 17.11.35312.102
MinimumVisualStudioVersion = 10.0.40219.1
Project("{FAE04EC0-301F-11D3-BF4B-00C04F79EFBC}") = "Lab4-5", "Lab4-5\Lab4-5.csproj", "{4E2B48F9-3D82-43C0-9B6D-76F1EC2EC85E}"
EndProject
Global
	GlobalSection(SolutionConfigurationPlatforms) = preSolution
		Debug|Any CPU = Debug|Any CPU
		Release|Any CPU = Release|Any CPU
	EndGlobalSection
	GlobalSection(ProjectConfigurationPlatforms) = postSolution
		{4E2B48F9-3D82-43C0-9B6D-76F1EC2EC85E}.Debug|Any CPU.ActiveCfg = Debug|Any CPU
		{4E2B48F9-3D82-43C0-9B6D-76F1EC2EC85E}.Debug|Any CPU.Build.0 = Debug|Any CPU
		{4E2B48F9-3D82-43C0-9B6D-76F1EC2EC85E}.Release|Any CPU.ActiveCfg = Release|Any CPU
		{4E2B48F9-3D82-43C0-9B6D-76F1EC2EC85E}.Release|Any CPU.Build.0 = Release|Any CPU
	EndGlobalSection
	GlobalSection(SolutionProperties) = preSolution
		HideSolutionNode = FALSE
	EndGlobalSection
	GlobalSection(ExtensibilityGlobals) = postSolution
		SolutionGuid = {F142555D-14FA-410F-9886-88710FF053A0}
	EndGlobalSection
EndGlobal
