
Microsoft Visual Studio Solution File, Format Version 12.00
# Visual Studio Version 17
VisualStudioVersion = 17.11.35312.102
MinimumVisualStudioVersion = 10.0.40219.1
Project("{FAE04EC0-301F-11D3-BF4B-00C04F79EFBC}") = "Lab23", "Lab23\Lab23.csproj", "{506C39A2-C197-4A66-8D8F-80CFA5AA39BF}"
EndProject
Global
	GlobalSection(SolutionConfigurationPlatforms) = preSolution
		Debug|Any CPU = Debug|Any CPU
		Release|Any CPU = Release|Any CPU
	EndGlobalSection
	GlobalSection(ProjectConfigurationPlatforms) = postSolution
		{506C39A2-C197-4A66-8D8F-80CFA5AA39BF}.Debug|Any CPU.ActiveCfg = Debug|Any CPU
		{506C39A2-C197-4A66-8D8F-80CFA5AA39BF}.Debug|Any CPU.Build.0 = Debug|Any CPU
		{506C39A2-C197-4A66-8D8F-80CFA5AA39BF}.Release|Any CPU.ActiveCfg = Release|Any CPU
		{506C39A2-C197-4A66-8D8F-80CFA5AA39BF}.Release|Any CPU.Build.0 = Release|Any CPU
	EndGlobalSection
	GlobalSection(SolutionProperties) = preSolution
		HideSolutionNode = FALSE
	EndGlobalSection
	GlobalSection(ExtensibilityGlobals) = postSolution
		SolutionGuid = {3D737187-A805-45B2-8B94-A98233C3945A}
	EndGlobalSection
EndGlobal
